
Microsoft Visual Studio Solution File, Format Version 12.00
# Visual Studio Version 16
VisualStudioVersion = 16.0.33214.272
MinimumVisualStudioVersion = 10.0.40219.1
Project("{FAE04EC0-301F-11D3-BF4B-00C04F79EFBC}") = "PileWinformLibrary", "PileWinformLibrary\PileWinformLibrary.csproj", "{DF6617E0-1898-4819-B9FE-07697CD123BB}"
EndProject
Global
	GlobalSection(SolutionConfigurationPlatforms) = preSolution
		Debug|Any CPU = Debug|Any CPU
		Release|Any CPU = Release|Any CPU
	EndGlobalSection
	GlobalSection(ProjectConfigurationPlatforms) = postSolution
		{DF6617E0-1898-4819-B9FE-07697CD123BB}.Debug|Any CPU.ActiveCfg = Debug|Any CPU
		{DF6617E0-1898-4819-B9FE-07697CD123BB}.Debug|Any CPU.Build.0 = Debug|Any CPU
		{DF6617E0-1898-4819-B9FE-07697CD123BB}.Release|Any CPU.ActiveCfg = Release|Any CPU
		{DF6617E0-1898-4819-B9FE-07697CD123BB}.Release|Any CPU.Build.0 = Release|Any CPU
	EndGlobalSection
	GlobalSection(SolutionProperties) = preSolution
		HideSolutionNode = FALSE
	EndGlobalSection
	GlobalSection(ExtensibilityGlobals) = postSolution
		SolutionGuid = {94C6320B-179A-48E5-B6A9-79611BC4F2D3}
	EndGlobalSection
EndGlobal
